
Microsoft Visual Studio Solution File, Format Version 12.00
# Visual Studio Version 17
VisualStudioVersion = 17.4.33213.308
MinimumVisualStudioVersion = 10.0.40219.1
Project("{FAE04EC0-301F-11D3-BF4B-00C04F79EFBC}") = "MyAPIService", "MyAPIService.csproj", "{7CC02664-E185-4A1E-B7DB-D30A685AAC71}"
EndProject
Global
	GlobalSection(SolutionConfigurationPlatforms) = preSolution
		Debug|Any CPU = Debug|Any CPU
		Release|Any CPU = Release|Any CPU
	EndGlobalSection
	GlobalSection(ProjectConfigurationPlatforms) = postSolution
		{7CC02664-E185-4A1E-B7DB-D30A685AAC71}.Debug|Any CPU.ActiveCfg = Debug|Any CPU
		{7CC02664-E185-4A1E-B7DB-D30A685AAC71}.Debug|Any CPU.Build.0 = Debug|Any CPU
		{7CC02664-E185-4A1E-B7DB-D30A685AAC71}.Release|Any CPU.ActiveCfg = Release|Any CPU
		{7CC02664-E185-4A1E-B7DB-D30A685AAC71}.Release|Any CPU.Build.0 = Release|Any CPU
	EndGlobalSection
	GlobalSection(SolutionProperties) = preSolution
		HideSolutionNode = FALSE
	EndGlobalSection
	GlobalSection(ExtensibilityGlobals) = postSolution
		SolutionGuid = {092D93D8-10B3-4ADA-9E94-C1996E5A4D70}
	EndGlobalSection
EndGlobal
